
Microsoft Visual Studio Solution File, Format Version 12.00
# Visual Studio Version 17
VisualStudioVersion = 17.4.33122.133
MinimumVisualStudioVersion = 10.0.40219.1
Project("{9A19103F-16F7-4668-BE54-9A1E7A4F7556}") = "ProjectWebNotes", "ProjectWebNotes\ProjectWebNotes.csproj", "{30E43632-5DC9-4A6A-B99A-4A220A2F65F2}"
EndProject
Project("{9A19103F-16F7-4668-BE54-9A1E7A4F7556}") = "Entities", "Entities\Entities.csproj", "{51459D63-6683-4D8C-9EC2-5B1C95F1728F}"
EndProject
Project("{9A19103F-16F7-4668-BE54-9A1E7A4F7556}") = "Domain", "Domain\Domain.csproj", "{DBADC50A-DC79-409D-B66A-583E99BD91A4}"
EndProject
Project("{2150E333-8FDC-42A3-9474-1A3956D46DE8}") = "Core", "Core", "{D4D74C3A-4D65-4439-8190-79289A0B11DA}"
EndProject
Project("{9A19103F-16F7-4668-BE54-9A1E7A4F7556}") = "Contracts", "Contracts\Contracts.csproj", "{AAE4E733-0FC0-46D3-8CA2-4FFFFF17C666}"
EndProject
Project("{2150E333-8FDC-42A3-9474-1A3956D46DE8}") = "Infrastructure", "Infrastructure", "{159C7791-A79A-4F50-9FA8-9C1D2F4F7994}"
EndProject
Project("{9A19103F-16F7-4668-BE54-9A1E7A4F7556}") = "Middleware", "Middleware\Middleware.csproj", "{B5F73712-4673-44A5-A53E-0629CCE03569}"
EndProject
Project("{9A19103F-16F7-4668-BE54-9A1E7A4F7556}") = "Logger", "LoggerManager\Logger.csproj", "{1AB63799-8740-4855-A98A-A345B092DD12}"
EndProject
Project("{9A19103F-16F7-4668-BE54-9A1E7A4F7556}") = "Services", "Services\Services.csproj", "{7E098F60-0170-4B1D-9E9A-34A4958D0795}"
EndProject
Project("{9A19103F-16F7-4668-BE54-9A1E7A4F7556}") = "Exceptions", "Exceptions\Exceptions.csproj", "{6FB019BC-B499-4897-819D-D14B2F873888}"
EndProject
Project("{9A19103F-16F7-4668-BE54-9A1E7A4F7556}") = "Services.Abstractions", "Services.Abstractions\Services.Abstractions.csproj", "{DCFFB4A2-E67B-43C4-A47A-70B21F8BAC7A}"
EndProject
Project("{9A19103F-16F7-4668-BE54-9A1E7A4F7556}") = "Dto", "Dto\Dto.csproj", "{725EDA52-C7D8-4CF6-ABA3-EAD5DA209F2D}"
EndProject
Project("{9A19103F-16F7-4668-BE54-9A1E7A4F7556}") = "Paging", "Paging\Paging.csproj", "{E5AF3E4E-91F5-49DA-9579-F0A551C11863}"
EndProject
Project("{FAE04EC0-301F-11D3-BF4B-00C04F79EFBC}") = "ATMapper", "ATMapper\ATMapper.csproj", "{A1C349F9-EC20-415D-981D-81C56AC4D23E}"
EndProject
Global
	GlobalSection(SolutionConfigurationPlatforms) = preSolution
		Debug|Any CPU = Debug|Any CPU
		Release|Any CPU = Release|Any CPU
	EndGlobalSection
	GlobalSection(ProjectConfigurationPlatforms) = postSolution
		{30E43632-5DC9-4A6A-B99A-4A220A2F65F2}.Debug|Any CPU.ActiveCfg = Debug|Any CPU
		{30E43632-5DC9-4A6A-B99A-4A220A2F65F2}.Debug|Any CPU.Build.0 = Debug|Any CPU
		{30E43632-5DC9-4A6A-B99A-4A220A2F65F2}.Release|Any CPU.ActiveCfg = Release|Any CPU
		{30E43632-5DC9-4A6A-B99A-4A220A2F65F2}.Release|Any CPU.Build.0 = Release|Any CPU
		{51459D63-6683-4D8C-9EC2-5B1C95F1728F}.Debug|Any CPU.ActiveCfg = Debug|Any CPU
		{51459D63-6683-4D8C-9EC2-5B1C95F1728F}.Debug|Any CPU.Build.0 = Debug|Any CPU
		{51459D63-6683-4D8C-9EC2-5B1C95F1728F}.Release|Any CPU.ActiveCfg = Release|Any CPU
		{51459D63-6683-4D8C-9EC2-5B1C95F1728F}.Release|Any CPU.Build.0 = Release|Any CPU
		{DBADC50A-DC79-409D-B66A-583E99BD91A4}.Debug|Any CPU.ActiveCfg = Debug|Any CPU
		{DBADC50A-DC79-409D-B66A-583E99BD91A4}.Debug|Any CPU.Build.0 = Debug|Any CPU
		{DBADC50A-DC79-409D-B66A-583E99BD91A4}.Release|Any CPU.ActiveCfg = Release|Any CPU
		{DBADC50A-DC79-409D-B66A-583E99BD91A4}.Release|Any CPU.Build.0 = Release|Any CPU
		{AAE4E733-0FC0-46D3-8CA2-4FFFFF17C666}.Debug|Any CPU.ActiveCfg = Debug|Any CPU
		{AAE4E733-0FC0-46D3-8CA2-4FFFFF17C666}.Debug|Any CPU.Build.0 = Debug|Any CPU
		{AAE4E733-0FC0-46D3-8CA2-4FFFFF17C666}.Release|Any CPU.ActiveCfg = Release|Any CPU
		{AAE4E733-0FC0-46D3-8CA2-4FFFFF17C666}.Release|Any CPU.Build.0 = Release|Any CPU
		{B5F73712-4673-44A5-A53E-0629CCE03569}.Debug|Any CPU.ActiveCfg = Debug|Any CPU
		{B5F73712-4673-44A5-A53E-0629CCE03569}.Debug|Any CPU.Build.0 = Debug|Any CPU
		{B5F73712-4673-44A5-A53E-0629CCE03569}.Release|Any CPU.ActiveCfg = Release|Any CPU
		{B5F73712-4673-44A5-A53E-0629CCE03569}.Release|Any CPU.Build.0 = Release|Any CPU
		{1AB63799-8740-4855-A98A-A345B092DD12}.Debug|Any CPU.ActiveCfg = Debug|Any CPU
		{1AB63799-8740-4855-A98A-A345B092DD12}.Debug|Any CPU.Build.0 = Debug|Any CPU
		{1AB63799-8740-4855-A98A-A345B092DD12}.Release|Any CPU.ActiveCfg = Release|Any CPU
		{1AB63799-8740-4855-A98A-A345B092DD12}.Release|Any CPU.Build.0 = Release|Any CPU
		{7E098F60-0170-4B1D-9E9A-34A4958D0795}.Debug|Any CPU.ActiveCfg = Debug|Any CPU
		{7E098F60-0170-4B1D-9E9A-34A4958D0795}.Debug|Any CPU.Build.0 = Debug|Any CPU
		{7E098F60-0170-4B1D-9E9A-34A4958D0795}.Release|Any CPU.ActiveCfg = Release|Any CPU
		{7E098F60-0170-4B1D-9E9A-34A4958D0795}.Release|Any CPU.Build.0 = Release|Any CPU
		{6FB019BC-B499-4897-819D-D14B2F873888}.Debug|Any CPU.ActiveCfg = Debug|Any CPU
		{6FB019BC-B499-4897-819D-D14B2F873888}.Debug|Any CPU.Build.0 = Debug|Any CPU
		{6FB019BC-B499-4897-819D-D14B2F873888}.Release|Any CPU.ActiveCfg = Release|Any CPU
		{6FB019BC-B499-4897-819D-D14B2F873888}.Release|Any CPU.Build.0 = Release|Any CPU
		{DCFFB4A2-E67B-43C4-A47A-70B21F8BAC7A}.Debug|Any CPU.ActiveCfg = Debug|Any CPU
		{DCFFB4A2-E67B-43C4-A47A-70B21F8BAC7A}.Debug|Any CPU.Build.0 = Debug|Any CPU
		{DCFFB4A2-E67B-43C4-A47A-70B21F8BAC7A}.Release|Any CPU.ActiveCfg = Release|Any CPU
		{DCFFB4A2-E67B-43C4-A47A-70B21F8BAC7A}.Release|Any CPU.Build.0 = Release|Any CPU
		{725EDA52-C7D8-4CF6-ABA3-EAD5DA209F2D}.Debug|Any CPU.ActiveCfg = Debug|Any CPU
		{725EDA52-C7D8-4CF6-ABA3-EAD5DA209F2D}.Debug|Any CPU.Build.0 = Debug|Any CPU
		{725EDA52-C7D8-4CF6-ABA3-EAD5DA209F2D}.Release|Any CPU.ActiveCfg = Release|Any CPU
		{725EDA52-C7D8-4CF6-ABA3-EAD5DA209F2D}.Release|Any CPU.Build.0 = Release|Any CPU
		{E5AF3E4E-91F5-49DA-9579-F0A551C11863}.Debug|Any CPU.ActiveCfg = Debug|Any CPU
		{E5AF3E4E-91F5-49DA-9579-F0A551C11863}.Debug|Any CPU.Build.0 = Debug|Any CPU
		{E5AF3E4E-91F5-49DA-9579-F0A551C11863}.Release|Any CPU.ActiveCfg = Release|Any CPU
		{E5AF3E4E-91F5-49DA-9579-F0A551C11863}.Release|Any CPU.Build.0 = Release|Any CPU
		{A1C349F9-EC20-415D-981D-81C56AC4D23E}.Debug|Any CPU.ActiveCfg = Debug|Any CPU
		{A1C349F9-EC20-415D-981D-81C56AC4D23E}.Debug|Any CPU.Build.0 = Debug|Any CPU
		{A1C349F9-EC20-415D-981D-81C56AC4D23E}.Release|Any CPU.ActiveCfg = Release|Any CPU
		{A1C349F9-EC20-415D-981D-81C56AC4D23E}.Release|Any CPU.Build.0 = Release|Any CPU
	EndGlobalSection
	GlobalSection(SolutionProperties) = preSolution
		HideSolutionNode = FALSE
	EndGlobalSection
	GlobalSection(NestedProjects) = preSolution
		{51459D63-6683-4D8C-9EC2-5B1C95F1728F} = {D4D74C3A-4D65-4439-8190-79289A0B11DA}
		{DBADC50A-DC79-409D-B66A-583E99BD91A4} = {D4D74C3A-4D65-4439-8190-79289A0B11DA}
		{AAE4E733-0FC0-46D3-8CA2-4FFFFF17C666} = {D4D74C3A-4D65-4439-8190-79289A0B11DA}
		{B5F73712-4673-44A5-A53E-0629CCE03569} = {D4D74C3A-4D65-4439-8190-79289A0B11DA}
		{1AB63799-8740-4855-A98A-A345B092DD12} = {D4D74C3A-4D65-4439-8190-79289A0B11DA}
		{7E098F60-0170-4B1D-9E9A-34A4958D0795} = {D4D74C3A-4D65-4439-8190-79289A0B11DA}
		{6FB019BC-B499-4897-819D-D14B2F873888} = {D4D74C3A-4D65-4439-8190-79289A0B11DA}
		{DCFFB4A2-E67B-43C4-A47A-70B21F8BAC7A} = {D4D74C3A-4D65-4439-8190-79289A0B11DA}
		{725EDA52-C7D8-4CF6-ABA3-EAD5DA209F2D} = {D4D74C3A-4D65-4439-8190-79289A0B11DA}
		{E5AF3E4E-91F5-49DA-9579-F0A551C11863} = {D4D74C3A-4D65-4439-8190-79289A0B11DA}
		{A1C349F9-EC20-415D-981D-81C56AC4D23E} = {D4D74C3A-4D65-4439-8190-79289A0B11DA}
	EndGlobalSection
	GlobalSection(ExtensibilityGlobals) = postSolution
		SolutionGuid = {C343CAE0-834A-4B73-B33C-859988634277}
	EndGlobalSection
EndGlobal
